
Microsoft Visual Studio Solution File, Format Version 12.00
# Visual Studio Version 16
VisualStudioVersion = 16.0.30413.136
MinimumVisualStudioVersion = 10.0.40219.1
Project("{9A19103F-16F7-4668-BE54-9A1E7A4F7556}") = "auto-creamapi", "auto-creamapi\auto-creamapi.csproj", "{26060B32-199E-4366-8FDE-6B1E10E0EF62}"
EndProject
Global
	GlobalSection(SolutionConfigurationPlatforms) = preSolution
		Debug|Any CPU = Debug|Any CPU
		Release|Any CPU = Release|Any CPU
	EndGlobalSection
	GlobalSection(ProjectConfigurationPlatforms) = postSolution
		{26060B32-199E-4366-8FDE-6B1E10E0EF62}.Debug|Any CPU.ActiveCfg = Debug|Any CPU
		{26060B32-199E-4366-8FDE-6B1E10E0EF62}.Debug|Any CPU.Build.0 = Debug|Any CPU
		{26060B32-199E-4366-8FDE-6B1E10E0EF62}.Release|Any CPU.ActiveCfg = Release|Any CPU
		{26060B32-199E-4366-8FDE-6B1E10E0EF62}.Release|Any CPU.Build.0 = Release|Any CPU
	EndGlobalSection
	GlobalSection(SolutionProperties) = preSolution
		HideSolutionNode = FALSE
	EndGlobalSection
	GlobalSection(ExtensibilityGlobals) = postSolution
		SolutionGuid = {7D90E0EE-9CBB-4C94-A02A-28555D26D06C}
	EndGlobalSection
EndGlobal
